
Microsoft Visual Studio Solution File, Format Version 12.00
# Visual Studio 2012
Project("{FAE04EC0-301F-11D3-BF4B-00C04F79EFBC}") = "PhoneApp1", "PhoneApp1.csproj", "{820D9C4D-BAC4-44A9-984B-5765A5D91570}"
EndProject
Global
	GlobalSection(SolutionConfigurationPlatforms) = preSolution
		Debug|Any CPU = Debug|Any CPU
		Release|Any CPU = Release|Any CPU
	EndGlobalSection
	GlobalSection(ProjectConfigurationPlatforms) = postSolution
		{820D9C4D-BAC4-44A9-984B-5765A5D91570}.Debug|Any CPU.ActiveCfg = Debug|Any CPU
		{820D9C4D-BAC4-44A9-984B-5765A5D91570}.Debug|Any CPU.Build.0 = Debug|Any CPU
		{820D9C4D-BAC4-44A9-984B-5765A5D91570}.Debug|Any CPU.Deploy.0 = Debug|Any CPU
		{820D9C4D-BAC4-44A9-984B-5765A5D91570}.Release|Any CPU.ActiveCfg = Release|Any CPU
		{820D9C4D-BAC4-44A9-984B-5765A5D91570}.Release|Any CPU.Build.0 = Release|Any CPU
		{820D9C4D-BAC4-44A9-984B-5765A5D91570}.Release|Any CPU.Deploy.0 = Release|Any CPU
	EndGlobalSection
	GlobalSection(SolutionProperties) = preSolution
		HideSolutionNode = FALSE
	EndGlobalSection
EndGlobal
